
Microsoft Visual Studio Solution File, Format Version 12.00
# Visual Studio Version 17
VisualStudioVersion = 17.1.32210.238
MinimumVisualStudioVersion = 10.0.40219.1
Project("{FAE04EC0-301F-11D3-BF4B-00C04F79EFBC}") = "lab3", "lab3\lab3.csproj", "{B940826B-F885-4080-BFE8-2E07459AF034}"
EndProject
Project("{2150E333-8FDC-42A3-9474-1A3956D46DE8}") = "lab3 Tests", "lab3 Tests", "{2242FDC0-09D9-48CB-B158-496C5DBC1A0D}"
	ProjectSection(SolutionItems) = preProject
		RomanNumberTests.cs = RomanNumberTests.cs
	EndProjectSection
EndProject
Global
	GlobalSection(SolutionConfigurationPlatforms) = preSolution
		Debug|Any CPU = Debug|Any CPU
		Release|Any CPU = Release|Any CPU
	EndGlobalSection
	GlobalSection(ProjectConfigurationPlatforms) = postSolution
		{B940826B-F885-4080-BFE8-2E07459AF034}.Debug|Any CPU.ActiveCfg = Debug|Any CPU
		{B940826B-F885-4080-BFE8-2E07459AF034}.Debug|Any CPU.Build.0 = Debug|Any CPU
		{B940826B-F885-4080-BFE8-2E07459AF034}.Release|Any CPU.ActiveCfg = Release|Any CPU
		{B940826B-F885-4080-BFE8-2E07459AF034}.Release|Any CPU.Build.0 = Release|Any CPU
	EndGlobalSection
	GlobalSection(SolutionProperties) = preSolution
		HideSolutionNode = FALSE
	EndGlobalSection
	GlobalSection(ExtensibilityGlobals) = postSolution
		SolutionGuid = {C5914F62-A4DE-470D-A439-213698FC8A3F}
	EndGlobalSection
EndGlobal
